
Microsoft Visual Studio Solution File, Format Version 12.00
# Visual Studio Version 17
VisualStudioVersion = 17.5.33424.131
MinimumVisualStudioVersion = 10.0.40219.1
Project("{FAE04EC0-301F-11D3-BF4B-00C04F79EFBC}") = "JuiceStoreWeb", "JuiceStoreWeb\JuiceStoreWeb.csproj", "{953B22FD-9F06-4F3D-A094-6B0639DB4471}"
EndProject
Global
	GlobalSection(SolutionConfigurationPlatforms) = preSolution
		Debug|Any CPU = Debug|Any CPU
		Release|Any CPU = Release|Any CPU
	EndGlobalSection
	GlobalSection(ProjectConfigurationPlatforms) = postSolution
		{953B22FD-9F06-4F3D-A094-6B0639DB4471}.Debug|Any CPU.ActiveCfg = Debug|Any CPU
		{953B22FD-9F06-4F3D-A094-6B0639DB4471}.Debug|Any CPU.Build.0 = Debug|Any CPU
		{953B22FD-9F06-4F3D-A094-6B0639DB4471}.Release|Any CPU.ActiveCfg = Release|Any CPU
		{953B22FD-9F06-4F3D-A094-6B0639DB4471}.Release|Any CPU.Build.0 = Release|Any CPU
	EndGlobalSection
	GlobalSection(SolutionProperties) = preSolution
		HideSolutionNode = FALSE
	EndGlobalSection
	GlobalSection(ExtensibilityGlobals) = postSolution
		SolutionGuid = {BF48ABEA-9CD7-4D7D-B611-B3DD16BF7EA2}
	EndGlobalSection
EndGlobal
